// !$*UTF8*$!
{
	archiveVersion = 1;
	classes = {
	};
	objectVersion = 50;
	objects = {

/* Begin PBXBuildFile section */
		D30B39AB23976242002737BF /* AppDelegate.swift in Sources */ = {isa = PBXBuildFile; fileRef = D30B39AA23976242002737BF /* AppDelegate.swift */; };
		D30B39AD23976242002737BF /* ViewController.swift in Sources */ = {isa = PBXBuildFile; fileRef = D30B39AC23976242002737BF /* ViewController.swift */; };
		D30B39B023976242002737BF /* Main.storyboard in Resources */ = {isa = PBXBuildFile; fileRef = D30B39AE23976242002737BF /* Main.storyboard */; };
		D30B39B223976243002737BF /* Assets.xcassets in Resources */ = {isa = PBXBuildFile; fileRef = D30B39B123976243002737BF /* Assets.xcassets */; };
		D30B39B523976243002737BF /* LaunchScreen.storyboard in Resources */ = {isa = PBXBuildFile; fileRef = D30B39B323976243002737BF /* LaunchScreen.storyboard */; };
		D30B39C0239765E6002737BF /* GCDAsyncSocket.m in Sources */ = {isa = PBXBuildFile; fileRef = D30B39BF239765E6002737BF /* GCDAsyncSocket.m */; };
		D30B39C2239766B4002737BF /* DetailedViewController.swift in Sources */ = {isa = PBXBuildFile; fileRef = D30B39C1239766B4002737BF /* DetailedViewController.swift */; };
		D30B39C423976721002737BF /* SpeechToTextAnalyzer.swift in Sources */ = {isa = PBXBuildFile; fileRef = D30B39C323976721002737BF /* SpeechToTextAnalyzer.swift */; };
/* End PBXBuildFile section */

/* Begin PBXFileReference section */
		D30B39A723976242002737BF /* smartLamp.app */ = {isa = PBXFileReference; explicitFileType = wrapper.application; includeInIndex = 0; path = smartLamp.app; sourceTree = BUILT_PRODUCTS_DIR; };
		D30B39AA23976242002737BF /* AppDelegate.swift */ = {isa = PBXFileReference; lastKnownFileType = sourcecode.swift; path = AppDelegate.swift; sourceTree = "<group>"; };
		D30B39AC23976242002737BF /* ViewController.swift */ = {isa = PBXFileReference; lastKnownFileType = sourcecode.swift; path = ViewController.swift; sourceTree = "<group>"; };
		D30B39AF23976242002737BF /* Base */ = {isa = PBXFileReference; lastKnownFileType = file.storyboard; name = Base; path = Base.lproj/Main.storyboard; sourceTree = "<group>"; };
		D30B39B123976243002737BF /* Assets.xcassets */ = {isa = PBXFileReference; lastKnownFileType = folder.assetcatalog; path = Assets.xcassets; sourceTree = "<group>"; };
		D30B39B423976243002737BF /* Base */ = {isa = PBXFileReference; lastKnownFileType = file.storyboard; name = Base; path = Base.lproj/LaunchScreen.storyboard; sourceTree = "<group>"; };
		D30B39B623976243002737BF /* Info.plist */ = {isa = PBXFileReference; lastKnownFileType = text.plist.xml; path = Info.plist; sourceTree = "<group>"; };
		D30B39BD2397645F002737BF /* GCDAsyncSocket.h */ = {isa = PBXFileReference; lastKnownFileType = sourcecode.c.h; path = GCDAsyncSocket.h; sourceTree = "<group>"; };
		D30B39BE23976533002737BF /* smartLamp-Bridging-Header.h */ = {isa = PBXFileReference; lastKnownFileType = sourcecode.c.h; path = "smartLamp-Bridging-Header.h"; sourceTree = "<group>"; };
		D30B39BF239765E6002737BF /* GCDAsyncSocket.m */ = {isa = PBXFileReference; fileEncoding = 4; lastKnownFileType = sourcecode.c.objc; path = GCDAsyncSocket.m; sourceTree = "<group>"; };
		D30B39C1239766B4002737BF /* DetailedViewController.swift */ = {isa = PBXFileReference; lastKnownFileType = sourcecode.swift; path = DetailedViewController.swift; sourceTree = "<group>"; };
		D30B39C323976721002737BF /* SpeechToTextAnalyzer.swift */ = {isa = PBXFileReference; lastKnownFileType = sourcecode.swift; path = SpeechToTextAnalyzer.swift; sourceTree = "<group>"; };
/* End PBXFileReference section */

/* Begin PBXFrameworksBuildPhase section */
		D30B39A423976242002737BF /* Frameworks */ = {
			isa = PBXFrameworksBuildPhase;
			buildActionMask = 2147483647;
			files = (
			);
			runOnlyForDeploymentPostprocessing = 0;
		};
/* End PBXFrameworksBuildPhase section */

/* Begin PBXGroup section */
		D30B399E23976242002737BF = {
			isa = PBXGroup;
			children = (
				D30B39A923976242002737BF /* smartLamp */,
				D30B39A823976242002737BF /* Products */,
			);
			sourceTree = "<group>";
		};
		D30B39A823976242002737BF /* Products */ = {
			isa = PBXGroup;
			children = (
				D30B39A723976242002737BF /* smartLamp.app */,
			);
			name = Products;
			sourceTree = "<group>";
		};
		D30B39A923976242002737BF /* smartLamp */ = {
			isa = PBXGroup;
			children = (
				D30B39BF239765E6002737BF /* GCDAsyncSocket.m */,
				D30B39AA23976242002737BF /* AppDelegate.swift */,
				D30B39AC23976242002737BF /* ViewController.swift */,
				D30B39AE23976242002737BF /* Main.storyboard */,
				D30B39B123976243002737BF /* Assets.xcassets */,
				D30B39B323976243002737BF /* LaunchScreen.storyboard */,
				D30B39B623976243002737BF /* Info.plist */,
				D30B39BD2397645F002737BF /* GCDAsyncSocket.h */,
				D30B39BE23976533002737BF /* smartLamp-Bridging-Header.h */,
				D30B39C1239766B4002737BF /* DetailedViewController.swift */,
				D30B39C323976721002737BF /* SpeechToTextAnalyzer.swift */,
			);
			path = smartLamp;
			sourceTree = "<group>";
		};
/* End PBXGroup section */

/* Begin PBXNativeTarget section */
		D30B39A623976242002737BF /* smartLamp */ = {
			isa = PBXNativeTarget;
			buildConfigurationList = D30B39B923976243002737BF /* Build configuration list for PBXNativeTarget "smartLamp" */;
			buildPhases = (
				D30B39A323976242002737BF /* Sources */,
				D30B39A423976242002737BF /* Frameworks */,
				D30B39A523976242002737BF /* Resources */,
			);
			buildRules = (
			);
			dependencies = (
			);
			name = smartLamp;
			productName = smartLamp;
			productReference = D30B39A723976242002737BF /* smartLamp.app */;
			productType = "com.apple.product-type.application";
		};
/* End PBXNativeTarget section */

/* Begin PBXProject section */
		D30B399F23976242002737BF /* Project object */ = {
			isa = PBXProject;
			attributes = {
				LastSwiftUpdateCheck = 1010;
				LastUpgradeCheck = 1010;
				ORGANIZATIONNAME = "Wang Weihan";
				TargetAttributes = {
					D30B39A623976242002737BF = {
						CreatedOnToolsVersion = 10.1;
						LastSwiftMigration = 1010;
					};
				};
			};
			buildConfigurationList = D30B39A223976242002737BF /* Build configuration list for PBXProject "smartLamp" */;
			compatibilityVersion = "Xcode 9.3";
			developmentRegion = en;
			hasScannedForEncodings = 0;
			knownRegions = (
				en,
				Base,
			);
			mainGroup = D30B399E23976242002737BF;
			productRefGroup = D30B39A823976242002737BF /* Products */;
			projectDirPath = "";
			projectRoot = "";
			targets = (
				D30B39A623976242002737BF /* smartLamp */,
			);
		};
/* End PBXProject section */

/* Begin PBXResourcesBuildPhase section */
		D30B39A523976242002737BF /* Resources */ = {
			isa = PBXResourcesBuildPhase;
			buildActionMask = 2147483647;
			files = (
				D30B39B523976243002737BF /* LaunchScreen.storyboard in Resources */,
				D30B39B223976243002737BF /* Assets.xcassets in Resources */,
				D30B39B023976242002737BF /* Main.storyboard in Resources */,
			);
			runOnlyForDeploymentPostprocessing = 0;
		};
/* End PBXResourcesBuildPhase section */

/* Begin PBXSourcesBuildPhase section */
		D30B39A323976242002737BF /* Sources */ = {
			isa = PBXSourcesBuildPhase;
			buildActionMask = 2147483647;
			files = (
				D30B39C0239765E6002737BF /* GCDAsyncSocket.m in Sources */,
				D30B39AD23976242002737BF /* ViewController.swift in Sources */,
				D30B39C2239766B4002737BF /* DetailedViewController.swift in Sources */,
				D30B39AB23976242002737BF /* AppDelegate.swift in Sources */,
				D30B39C423976721002737BF /* SpeechToTextAnalyzer.swift in Sources */,
			);
			runOnlyForDeploymentPostprocessing = 0;
		};
/* End PBXSourcesBuildPhase section */

/* Begin PBXVariantGroup section */
		D30B39AE23976242002737BF /* Main.storyboard */ = {
			isa = PBXVariantGroup;
			children = (
				D30B39AF23976242002737BF /* Base */,
			);
			name = Main.storyboard;
			sourceTree = "<group>";
		};
		D30B39B323976243002737BF /* LaunchScreen.storyboard */ = {
			isa = PBXVariantGroup;
			children = (
				D30B39B423976243002737BF /* Base */,
			);
			name = LaunchScreen.storyboard;
			sourceTree = "<group>";
		};
/* End PBXVariantGroup section */

/* Begin XCBuildConfiguration section */
		D30B39B723976243002737BF /* Debug */ = {
			isa = XCBuildConfiguration;
			buildSettings = {
				ALWAYS_SEARCH_USER_PATHS = NO;
				CLANG_ANALYZER_NONNULL = YES;
				CLANG_ANALYZER_NUMBER_OBJECT_CONVERSION = YES_AGGRESSIVE;
				CLANG_CXX_LANGUAGE_STANDARD = "gnu++14";
				CLANG_CXX_LIBRARY = "libc++";
				CLANG_ENABLE_MODULES = YES;
				CLANG_ENABLE_OBJC_ARC = YES;
				CLANG_ENABLE_OBJC_WEAK = YES;
				CLANG_WARN_BLOCK_CAPTURE_AUTORELEASING = YES;
				CLANG_WARN_BOOL_CONVERSION = YES;
				CLANG_WARN_COMMA = YES;
				CLANG_WARN_CONSTANT_CONVERSION = YES;
				CLANG_WARN_DEPRECATED_OBJC_IMPLEMENTATIONS = YES;
				CLANG_WARN_DIRECT_OBJC_ISA_USAGE = YES_ERROR;
				CLANG_WARN_DOCUMENTATION_COMMENTS = YES;
				CLANG_WARN_EMPTY_BODY = YES;
				CLANG_WARN_ENUM_CONVERSION = YES;
				CLANG_WARN_INFINITE_RECURSION = YES;
				CLANG_WARN_INT_CONVERSION = YES;
				CLANG_WARN_NON_LITERAL_NULL_CONVERSION = YES;
				CLANG_WARN_OBJC_IMPLICIT_RETAIN_SELF = YES;
				CLANG_WARN_OBJC_LITERAL_CONVERSION = YES;
				CLANG_WARN_OBJC_ROOT_CLASS = YES_ERROR;
				CLANG_WARN_RANGE_LOOP_ANALYSIS = YES;
				CLANG_WARN_STRICT_PROTOTYPES = YES;
				CLANG_WARN_SUSPICIOUS_MOVE = YES;
				CLANG_WARN_UNGUARDED_AVAILABILITY = YES_AGGRESSIVE;
				CLANG_WARN_UNREACHABLE_CODE = YES;
				CLANG_WARN__DUPLICATE_METHOD_MATCH = YES;
				CODE_SIGN_IDENTITY = "iPhone Developer";
				COPY_PHASE_STRIP = NO;
				DEBUG_INFORMATION_FORMAT = dwarf;
				ENABLE_STRICT_OBJC_MSGSEND = YES;
				ENABLE_TESTABILITY = YES;
				GCC_C_LANGUAGE_STANDARD = gnu11;
				GCC_DYNAMIC_NO_PIC = NO;
				GCC_NO_COMMON_BLOCKS = YES;
				GCC_OPTIMIZATION_LEVEL = 0;
				GCC_PREPROCESSOR_DEFINITIONS = (
					"DEBUG=1",
					"$(inherited)",
				);
				GCC_WARN_64_TO_32_BIT_CONVERSION = YES;
				GCC_WARN_ABOUT_RETURN_TYPE = YES_ERROR;
				GCC_WARN_UNDECLARED_SELECTOR = YES;
				GCC_WARN_UNINITIALIZED_AUTOS = YES_AGGRESSIVE;
				GCC_WARN_UNUSED_FUNCTION = YES;
				GCC_WARN_UNUSED_VARIABLE = YES;
				IPHONEOS_DEPLOYMENT_TARGET = 12.1;
				MTL_ENABLE_DEBUG_INFO = INCLUDE_SOURCE;
				MTL_FAST_MATH = YES;
				ONLY_ACTIVE_ARCH = YES;
				SDKROOT = iphoneos;
				SWIFT_ACTIVE_COMPILATION_CONDITIONS = DEBUG;
				SWIFT_OPTIMIZATION_LEVEL = "-Onone";
			};
			name = Debug;
		};
		D30B39B823976243002737BF /* Release */ = {
			isa = XCBuildConfiguration;
			buildSettings = {
				ALWAYS_SEARCH_USER_PATHS = NO;
				CLANG_ANALYZER_NONNULL = YES;
				CLANG_ANALYZER_NUMBER_OBJECT_CONVERSION = YES_AGGRESSIVE;
				CLANG_CXX_LANGUAGE_STANDARD = "gnu++14";
				CLANG_CXX_LIBRARY = "libc++";
				CLANG_ENABLE_MODULES = YES;
				CLANG_ENABLE_OBJC_ARC = YES;
				CLANG_ENABLE_OBJC_WEAK = YES;
				CLANG_WARN_BLOCK_CAPTURE_AUTORELEASING = YES;
				CLANG_WARN_BOOL_CONVERSION = YES;
				CLANG_WARN_COMMA = YES;
				CLANG_WARN_CONSTANT_CONVERSION = YES;
				CLANG_WARN_DEPRECATED_OBJC_IMPLEMENTATIONS = YES;
				CLANG_WARN_DIRECT_OBJC_ISA_USAGE = YES_ERROR;
				CLANG_WARN_DOCUMENTATION_COMMENTS = YES;
				CLANG_WARN_EMPTY_BODY = YES;
				CLANG_WARN_ENUM_CONVERSION = YES;
				CLANG_WARN_INFINITE_RECURSION = YES;
				CLANG_WARN_INT_CONVERSION = YES;
				CLANG_WARN_NON_LITERAL_NULL_CONVERSION = YES;
				CLANG_WARN_OBJC_IMPLICIT_RETAIN_SELF = YES;
				CLANG_WARN_OBJC_LITERAL_CONVERSION = YES;
				CLANG_WARN_OBJC_ROOT_CLASS = YES_ERROR;
				CLANG_WARN_RANGE_LOOP_ANALYSIS = YES;
				CLANG_WARN_STRICT_PROTOTYPES = YES;
				CLANG_WARN_SUSPICIOUS_MOVE = YES;
				CLANG_WARN_UNGUARDED_AVAILABILITY = YES_AGGRESSIVE;
				CLANG_WARN_UNREACHABLE_CODE = YES;
				CLANG_WARN__DUPLICATE_METHOD_MATCH = YES;
				CODE_SIGN_IDENTITY = "iPhone Developer";
				COPY_PHASE_STRIP = NO;
				DEBUG_INFORMATION_FORMAT = "dwarf-with-dsym";
				ENABLE_NS_ASSERTIONS = NO;
				ENABLE_STRICT_OBJC_MSGSEND = YES;
				GCC_C_LANGUAGE_STANDARD = gnu11;
				GCC_NO_COMMON_BLOCKS = YES;
				GCC_WARN_64_TO_32_BIT_CONVERSION = YES;
				GCC_WARN_ABOUT_RETURN_TYPE = YES_ERROR;
				GCC_WARN_UNDECLARED_SELECTOR = YES;
				GCC_WARN_UNINITIALIZED_AUTOS = YES_AGGRESSIVE;
				GCC_WARN_UNUSED_FUNCTION = YES;
				GCC_WARN_UNUSED_VARIABLE = YES;
				IPHONEOS_DEPLOYMENT_TARGET = 12.1;
				MTL_ENABLE_DEBUG_INFO = NO;
				MTL_FAST_MATH = YES;
				SDKROOT = iphoneos;
				SWIFT_COMPILATION_MODE = wholemodule;
				SWIFT_OPTIMIZATION_LEVEL = "-O";
				VALIDATE_PRODUCT = YES;
			};
			name = Release;
		};
		D30B39BA23976243002737BF /* Debug */ = {
			isa = XCBuildConfiguration;
			buildSettings = {
				ASSETCATALOG_COMPILER_APPICON_NAME = AppIcon;
				CLANG_ENABLE_MODULES = YES;
				CODE_SIGN_STYLE = Automatic;
				DEVELOPMENT_TEAM = UFC8EPYSJK;
				INFOPLIST_FILE = smartLamp/Info.plist;
				LD_RUNPATH_SEARCH_PATHS = (
					"$(inherited)",
					"@executable_path/Frameworks",
				);
				PRODUCT_BUNDLE_IDENTIFIER = com.vanderbilt.edu.smartLamp;
				PRODUCT_NAME = "$(TARGET_NAME)";
				SWIFT_OBJC_BRIDGING_HEADER = "smartLamp/smartLamp-Bridging-Header.h";
				SWIFT_OPTIMIZATION_LEVEL = "-Onone";
				SWIFT_VERSION = 4.2;
				TARGETED_DEVICE_FAMILY = "1,2";
			};
			name = Debug;
		};
		D30B39BB23976243002737BF /* Release */ = {
			isa = XCBuildConfiguration;
			buildSettings = {
				ASSETCATALOG_COMPILER_APPICON_NAME = AppIcon;
				CLANG_ENABLE_MODULES = YES;
				CODE_SIGN_STYLE = Automatic;
				DEVELOPMENT_TEAM = UFC8EPYSJK;
				INFOPLIST_FILE = smartLamp/Info.plist;
				LD_RUNPATH_SEARCH_PATHS = (
					"$(inherited)",
					"@executable_path/Frameworks",
				);
				PRODUCT_BUNDLE_IDENTIFIER = com.vanderbilt.edu.smartLamp;
				PRODUCT_NAME = "$(TARGET_NAME)";
				SWIFT_OBJC_BRIDGING_HEADER = "smartLamp/smartLamp-Bridging-Header.h";
				SWIFT_VERSION = 4.2;
				TARGETED_DEVICE_FAMILY = "1,2";
			};
			name = Release;
		};
/* End XCBuildConfiguration section */

/* Begin XCConfigurationList section */
		D30B39A223976242002737BF /* Build configuration list for PBXProject "smartLamp" */ = {
			isa = XCConfigurationList;
			buildConfigurations = (
				D30B39B723976243002737BF /* Debug */,
				D30B39B823976243002737BF /* Release */,
			);
			defaultConfigurationIsVisible = 0;
			defaultConfigurationName = Release;
		};
		D30B39B923976243002737BF /* Build configuration list for PBXNativeTarget "smartLamp" */ = {
			isa = XCConfigurationList;
			buildConfigurations = (
				D30B39BA23976243002737BF /* Debug */,
				D30B39BB23976243002737BF /* Release */,
			);
			defaultConfigurationIsVisible = 0;
			defaultConfigurationName = Release;
		};
/* End XCConfigurationList section */
	};
	rootObject = D30B399F23976242002737BF /* Project object */;
}
